
Microsoft Visual Studio Solution File, Format Version 12.00
# Visual Studio Version 17
VisualStudioVersion = 17.8.34227.203
MinimumVisualStudioVersion = 10.0.40219.1
Project("{9A19103F-16F7-4668-BE54-9A1E7A4F7556}") = "BlazorCrudDotNet8", "BlazorCrudDotNet8\BlazorCrudDotNet8\BlazorCrudDotNet8.csproj", "{8A2A782D-A171-4144-B8E0-3D82BA4AB13F}"
EndProject
Project("{9A19103F-16F7-4668-BE54-9A1E7A4F7556}") = "BlazorCrudDotNet8.Client", "BlazorCrudDotNet8\BlazorCrudDotNet8.Client\BlazorCrudDotNet8.Client.csproj", "{72C4288E-7A5C-482C-B998-6105CE9ED91F}"
EndProject
Project("{FAE04EC0-301F-11D3-BF4B-00C04F79EFBC}") = "BlazorCrudDotNet8.Shared", "BlazorCrudDotNet8.Shared\BlazorCrudDotNet8.Shared.csproj", "{7832B53D-F699-4B50-87E0-C4C40AE86D09}"
EndProject
Global
	GlobalSection(SolutionConfigurationPlatforms) = preSolution
		Debug|Any CPU = Debug|Any CPU
		Release|Any CPU = Release|Any CPU
	EndGlobalSection
	GlobalSection(ProjectConfigurationPlatforms) = postSolution
		{8A2A782D-A171-4144-B8E0-3D82BA4AB13F}.Debug|Any CPU.ActiveCfg = Debug|Any CPU
		{8A2A782D-A171-4144-B8E0-3D82BA4AB13F}.Debug|Any CPU.Build.0 = Debug|Any CPU
		{8A2A782D-A171-4144-B8E0-3D82BA4AB13F}.Release|Any CPU.ActiveCfg = Release|Any CPU
		{8A2A782D-A171-4144-B8E0-3D82BA4AB13F}.Release|Any CPU.Build.0 = Release|Any CPU
		{72C4288E-7A5C-482C-B998-6105CE9ED91F}.Debug|Any CPU.ActiveCfg = Debug|Any CPU
		{72C4288E-7A5C-482C-B998-6105CE9ED91F}.Debug|Any CPU.Build.0 = Debug|Any CPU
		{72C4288E-7A5C-482C-B998-6105CE9ED91F}.Release|Any CPU.ActiveCfg = Release|Any CPU
		{72C4288E-7A5C-482C-B998-6105CE9ED91F}.Release|Any CPU.Build.0 = Release|Any CPU
		{7832B53D-F699-4B50-87E0-C4C40AE86D09}.Debug|Any CPU.ActiveCfg = Debug|Any CPU
		{7832B53D-F699-4B50-87E0-C4C40AE86D09}.Debug|Any CPU.Build.0 = Debug|Any CPU
		{7832B53D-F699-4B50-87E0-C4C40AE86D09}.Release|Any CPU.ActiveCfg = Release|Any CPU
		{7832B53D-F699-4B50-87E0-C4C40AE86D09}.Release|Any CPU.Build.0 = Release|Any CPU
	EndGlobalSection
	GlobalSection(SolutionProperties) = preSolution
		HideSolutionNode = FALSE
	EndGlobalSection
	GlobalSection(ExtensibilityGlobals) = postSolution
		SolutionGuid = {331A8798-7E7B-4421-8933-3EF3517082B5}
	EndGlobalSection
EndGlobal
