Microsoft Visual Studio Solution File, Format Version 12.00
# Visual Studio Version 16
VisualStudioVersion = 16.0.0.0
MinimumVisualStudioVersion = 16.0.0.0
Project("{9A19103F-16F7-4668-BE54-9A1E7A4F7556}") = "BlazorCrudDotNet8", "BlazorCrudDotNet8\BlazorCrudDotNet8.csproj", "{5E17A934-65BF-4600-8D41-DF85244D93B4}"
EndProject
Project("{9A19103F-16F7-4668-BE54-9A1E7A4F7556}") = "BlazorCrudDotNet8.Client", "BlazorCrudDotNet8.Client\BlazorCrudDotNet8.Client.csproj", "{E27E28DC-1332-469F-BBF6-8E0B406A70F7}"
EndProject
Global
	GlobalSection(SolutionConfigurationPlatforms) = preSolution
		Debug|Any CPU = Debug|Any CPU
		Debug|x64 = Debug|x64
		Debug|x86 = Debug|x86
		Release|Any CPU = Release|Any CPU
		Release|x64 = Release|x64
		Release|x86 = Release|x86
	EndGlobalSection
	GlobalSection(ProjectConfigurationPlatforms) = postSolution
		{E27E28DC-1332-469F-BBF6-8E0B406A70F7}.Debug|Any CPU.ActiveCfg = Debug|Any CPU
		{E27E28DC-1332-469F-BBF6-8E0B406A70F7}.Debug|Any CPU.Build.0 = Debug|Any CPU
		{E27E28DC-1332-469F-BBF6-8E0B406A70F7}.Debug|x64.ActiveCfg = Debug|Any CPU
		{E27E28DC-1332-469F-BBF6-8E0B406A70F7}.Debug|x64.Build.0 = Debug|Any CPU
		{E27E28DC-1332-469F-BBF6-8E0B406A70F7}.Debug|x86.ActiveCfg = Debug|Any CPU
		{E27E28DC-1332-469F-BBF6-8E0B406A70F7}.Debug|x86.Build.0 = Debug|Any CPU
		{E27E28DC-1332-469F-BBF6-8E0B406A70F7}.Release|Any CPU.ActiveCfg = Release|Any CPU
		{E27E28DC-1332-469F-BBF6-8E0B406A70F7}.Release|Any CPU.Build.0 = Release|Any CPU
		{E27E28DC-1332-469F-BBF6-8E0B406A70F7}.Release|x64.ActiveCfg = Release|Any CPU
		{E27E28DC-1332-469F-BBF6-8E0B406A70F7}.Release|x64.Build.0 = Release|Any CPU
		{E27E28DC-1332-469F-BBF6-8E0B406A70F7}.Release|x86.ActiveCfg = Release|Any CPU
		{E27E28DC-1332-469F-BBF6-8E0B406A70F7}.Release|x86.Build.0 = Release|Any CPU
		{5E17A934-65BF-4600-8D41-DF85244D93B4}.Debug|Any CPU.ActiveCfg = Debug|Any CPU
		{5E17A934-65BF-4600-8D41-DF85244D93B4}.Debug|Any CPU.Build.0 = Debug|Any CPU
		{5E17A934-65BF-4600-8D41-DF85244D93B4}.Debug|x64.ActiveCfg = Debug|Any CPU
		{5E17A934-65BF-4600-8D41-DF85244D93B4}.Debug|x64.Build.0 = Debug|Any CPU
		{5E17A934-65BF-4600-8D41-DF85244D93B4}.Debug|x86.ActiveCfg = Debug|Any CPU
		{5E17A934-65BF-4600-8D41-DF85244D93B4}.Debug|x86.Build.0 = Debug|Any CPU
		{5E17A934-65BF-4600-8D41-DF85244D93B4}.Release|Any CPU.ActiveCfg = Release|Any CPU
		{5E17A934-65BF-4600-8D41-DF85244D93B4}.Release|Any CPU.Build.0 = Release|Any CPU
		{5E17A934-65BF-4600-8D41-DF85244D93B4}.Release|x64.ActiveCfg = Release|Any CPU
		{5E17A934-65BF-4600-8D41-DF85244D93B4}.Release|x64.Build.0 = Release|Any CPU
		{5E17A934-65BF-4600-8D41-DF85244D93B4}.Release|x86.ActiveCfg = Release|Any CPU
		{5E17A934-65BF-4600-8D41-DF85244D93B4}.Release|x86.Build.0 = Release|Any CPU
	EndGlobalSection
	GlobalSection(SolutionProperties) = preSolution
		HideSolutionNode = FALSE
	EndGlobalSection
	GlobalSection(ExtensibilityGlobals) = postSolution
		SolutionGuid = {99BD5B40-69DE-43F1-8728-A52268F2FEDD}
	EndGlobalSection
EndGlobal
